
Microsoft Visual Studio Solution File, Format Version 12.00
# Visual Studio Version 16
VisualStudioVersion = 16.0.31313.79
MinimumVisualStudioVersion = 10.0.40219.1
Project("{FAE04EC0-301F-11D3-BF4B-00C04F79EFBC}") = "StockTracking_Presentation", "StockTracking_Presentation\StockTracking_Presentation.csproj", "{38BC3229-FE7A-4A4B-B5E3-DD77768DD488}"
EndProject
Project("{FAE04EC0-301F-11D3-BF4B-00C04F79EFBC}") = "StockTracking_Data", "StockTracking_Data\StockTracking_Data.csproj", "{D9589B27-7051-4F6E-B31C-2520648F5F22}"
EndProject
Global
	GlobalSection(SolutionConfigurationPlatforms) = preSolution
		Debug|Any CPU = Debug|Any CPU
		Release|Any CPU = Release|Any CPU
	EndGlobalSection
	GlobalSection(ProjectConfigurationPlatforms) = postSolution
		{38BC3229-FE7A-4A4B-B5E3-DD77768DD488}.Debug|Any CPU.ActiveCfg = Debug|Any CPU
		{38BC3229-FE7A-4A4B-B5E3-DD77768DD488}.Debug|Any CPU.Build.0 = Debug|Any CPU
		{38BC3229-FE7A-4A4B-B5E3-DD77768DD488}.Release|Any CPU.ActiveCfg = Release|Any CPU
		{38BC3229-FE7A-4A4B-B5E3-DD77768DD488}.Release|Any CPU.Build.0 = Release|Any CPU
		{D9589B27-7051-4F6E-B31C-2520648F5F22}.Debug|Any CPU.ActiveCfg = Debug|Any CPU
		{D9589B27-7051-4F6E-B31C-2520648F5F22}.Debug|Any CPU.Build.0 = Debug|Any CPU
		{D9589B27-7051-4F6E-B31C-2520648F5F22}.Release|Any CPU.ActiveCfg = Release|Any CPU
		{D9589B27-7051-4F6E-B31C-2520648F5F22}.Release|Any CPU.Build.0 = Release|Any CPU
	EndGlobalSection
	GlobalSection(SolutionProperties) = preSolution
		HideSolutionNode = FALSE
	EndGlobalSection
	GlobalSection(ExtensibilityGlobals) = postSolution
		SolutionGuid = {B2E6A5DA-3C92-4A4B-B4EC-8112408D8AEC}
	EndGlobalSection
EndGlobal
